
Microsoft Visual Studio Solution File, Format Version 12.00
# Visual Studio Version 16
VisualStudioVersion = 16.0.32929.386
MinimumVisualStudioVersion = 10.0.40219.1
Project("{FAE04EC0-301F-11D3-BF4B-00C04F79EFBC}") = "ContosoCrafts.WebSite", "ContosoCrafts.WebSite\ContosoCrafts.WebSite.csproj", "{7818F6DC-C7BD-4D86-AFBA-9E2B0ED069E4}"
EndProject
Global
	GlobalSection(SolutionConfigurationPlatforms) = preSolution
		Debug|Any CPU = Debug|Any CPU
		Release|Any CPU = Release|Any CPU
	EndGlobalSection
	GlobalSection(ProjectConfigurationPlatforms) = postSolution
		{7818F6DC-C7BD-4D86-AFBA-9E2B0ED069E4}.Debug|Any CPU.ActiveCfg = Debug|Any CPU
		{7818F6DC-C7BD-4D86-AFBA-9E2B0ED069E4}.Debug|Any CPU.Build.0 = Debug|Any CPU
		{7818F6DC-C7BD-4D86-AFBA-9E2B0ED069E4}.Release|Any CPU.ActiveCfg = Release|Any CPU
		{7818F6DC-C7BD-4D86-AFBA-9E2B0ED069E4}.Release|Any CPU.Build.0 = Release|Any CPU
	EndGlobalSection
	GlobalSection(SolutionProperties) = preSolution
		HideSolutionNode = FALSE
	EndGlobalSection
	GlobalSection(ExtensibilityGlobals) = postSolution
		SolutionGuid = {0AAB3457-4CCA-4374-BE8E-45DE16606717}
	EndGlobalSection
EndGlobal
