
Microsoft Visual Studio Solution File, Format Version 12.00
# Visual Studio Version 16
VisualStudioVersion = 16.0.32929.386
MinimumVisualStudioVersion = 10.0.40219.1
Project("{FAE04EC0-301F-11D3-BF4B-00C04F79EFBC}") = "DateTimeAssignment", "DateTimeAssignment\DateTimeAssignment.csproj", "{64CDDB95-35CD-4F21-9FE9-B944F63E1243}"
EndProject
Global
	GlobalSection(SolutionConfigurationPlatforms) = preSolution
		Debug|Any CPU = Debug|Any CPU
		Release|Any CPU = Release|Any CPU
	EndGlobalSection
	GlobalSection(ProjectConfigurationPlatforms) = postSolution
		{64CDDB95-35CD-4F21-9FE9-B944F63E1243}.Debug|Any CPU.ActiveCfg = Debug|Any CPU
		{64CDDB95-35CD-4F21-9FE9-B944F63E1243}.Debug|Any CPU.Build.0 = Debug|Any CPU
		{64CDDB95-35CD-4F21-9FE9-B944F63E1243}.Release|Any CPU.ActiveCfg = Release|Any CPU
		{64CDDB95-35CD-4F21-9FE9-B944F63E1243}.Release|Any CPU.Build.0 = Release|Any CPU
	EndGlobalSection
	GlobalSection(SolutionProperties) = preSolution
		HideSolutionNode = FALSE
	EndGlobalSection
	GlobalSection(ExtensibilityGlobals) = postSolution
		SolutionGuid = {129BD88C-F78B-44D0-B65F-68DB8B451F9D}
	EndGlobalSection
EndGlobal
