
Microsoft Visual Studio Solution File, Format Version 12.00
# Visual Studio Version 16
VisualStudioVersion = 16.0.32929.386
MinimumVisualStudioVersion = 10.0.40219.1
Project("{FAE04EC0-301F-11D3-BF4B-00C04F79EFBC}") = "HelloWorld", "HelloWorld\HelloWorld.csproj", "{674803E2-5F4B-42CF-85B3-6A4D90892544}"
EndProject
Global
	GlobalSection(SolutionConfigurationPlatforms) = preSolution
		Debug|Any CPU = Debug|Any CPU
		Release|Any CPU = Release|Any CPU
	EndGlobalSection
	GlobalSection(ProjectConfigurationPlatforms) = postSolution
		{674803E2-5F4B-42CF-85B3-6A4D90892544}.Debug|Any CPU.ActiveCfg = Debug|Any CPU
		{674803E2-5F4B-42CF-85B3-6A4D90892544}.Debug|Any CPU.Build.0 = Debug|Any CPU
		{674803E2-5F4B-42CF-85B3-6A4D90892544}.Release|Any CPU.ActiveCfg = Release|Any CPU
		{674803E2-5F4B-42CF-85B3-6A4D90892544}.Release|Any CPU.Build.0 = Release|Any CPU
	EndGlobalSection
	GlobalSection(SolutionProperties) = preSolution
		HideSolutionNode = FALSE
	EndGlobalSection
	GlobalSection(ExtensibilityGlobals) = postSolution
		SolutionGuid = {50DF0011-A679-43AE-A064-B1CC72202EBB}
	EndGlobalSection
EndGlobal
