
Microsoft Visual Studio Solution File, Format Version 12.00
# Visual Studio Version 16
VisualStudioVersion = 16.0.32929.386
MinimumVisualStudioVersion = 10.0.40219.1
Project("{FAE04EC0-301F-11D3-BF4B-00C04F79EFBC}") = "Challenges", "Challenges\Challenges.csproj", "{BCE3B10E-1B41-433C-B322-811B5C25F94C}"
EndProject
Global
	GlobalSection(SolutionConfigurationPlatforms) = preSolution
		Debug|Any CPU = Debug|Any CPU
		Release|Any CPU = Release|Any CPU
	EndGlobalSection
	GlobalSection(ProjectConfigurationPlatforms) = postSolution
		{BCE3B10E-1B41-433C-B322-811B5C25F94C}.Debug|Any CPU.ActiveCfg = Debug|Any CPU
		{BCE3B10E-1B41-433C-B322-811B5C25F94C}.Debug|Any CPU.Build.0 = Debug|Any CPU
		{BCE3B10E-1B41-433C-B322-811B5C25F94C}.Release|Any CPU.ActiveCfg = Release|Any CPU
		{BCE3B10E-1B41-433C-B322-811B5C25F94C}.Release|Any CPU.Build.0 = Release|Any CPU
	EndGlobalSection
	GlobalSection(SolutionProperties) = preSolution
		HideSolutionNode = FALSE
	EndGlobalSection
	GlobalSection(ExtensibilityGlobals) = postSolution
		SolutionGuid = {E056BE40-0B5C-4C0F-9949-E4260DBC1E4D}
	EndGlobalSection
EndGlobal
